
Microsoft Visual Studio Solution File, Format Version 12.00
# Visual Studio 15
VisualStudioVersion = 15.0.28010.2026
MinimumVisualStudioVersion = 10.0.40219.1
Project("{FAE04EC0-301F-11D3-BF4B-00C04F79EFBC}") = "GuessNumberGame", "GuessNumberGame\GuessNumberGame.csproj", "{994FEC0F-715E-45B0-99EA-78FBD2B34B08}"
EndProject
Global
	GlobalSection(SolutionConfigurationPlatforms) = preSolution
		Debug|Any CPU = Debug|Any CPU
		Release|Any CPU = Release|Any CPU
	EndGlobalSection
	GlobalSection(ProjectConfigurationPlatforms) = postSolution
		{994FEC0F-715E-45B0-99EA-78FBD2B34B08}.Debug|Any CPU.ActiveCfg = Debug|Any CPU
		{994FEC0F-715E-45B0-99EA-78FBD2B34B08}.Debug|Any CPU.Build.0 = Debug|Any CPU
		{994FEC0F-715E-45B0-99EA-78FBD2B34B08}.Release|Any CPU.ActiveCfg = Release|Any CPU
		{994FEC0F-715E-45B0-99EA-78FBD2B34B08}.Release|Any CPU.Build.0 = Release|Any CPU
	EndGlobalSection
	GlobalSection(SolutionProperties) = preSolution
		HideSolutionNode = FALSE
	EndGlobalSection
	GlobalSection(ExtensibilityGlobals) = postSolution
		SolutionGuid = {9A85F644-6AD2-4F05-855C-64AAB5080661}
	EndGlobalSection
EndGlobal
